
Microsoft Visual Studio Solution File, Format Version 12.00
# Visual Studio Version 16
VisualStudioVersion = 16.0.29306.81
MinimumVisualStudioVersion = 10.0.40219.1
Project("{9A19103F-16F7-4668-BE54-9A1E7A4F7556}") = "CoreAPISample.API", "CoreAPISample\CoreAPISample.API.csproj", "{0A9859BE-EBE8-49CF-B507-069CE3C89A07}"
EndProject
Project("{9A19103F-16F7-4668-BE54-9A1E7A4F7556}") = "CoreAPISample.Core", "CoreAPISample.Core\CoreAPISample.Core.csproj", "{BC606216-B739-4CE9-A07C-4C45F2A12569}"
EndProject
Global
	GlobalSection(SolutionConfigurationPlatforms) = preSolution
		Debug|Any CPU = Debug|Any CPU
		Release|Any CPU = Release|Any CPU
	EndGlobalSection
	GlobalSection(ProjectConfigurationPlatforms) = postSolution
		{0A9859BE-EBE8-49CF-B507-069CE3C89A07}.Debug|Any CPU.ActiveCfg = Debug|Any CPU
		{0A9859BE-EBE8-49CF-B507-069CE3C89A07}.Debug|Any CPU.Build.0 = Debug|Any CPU
		{0A9859BE-EBE8-49CF-B507-069CE3C89A07}.Release|Any CPU.ActiveCfg = Release|Any CPU
		{0A9859BE-EBE8-49CF-B507-069CE3C89A07}.Release|Any CPU.Build.0 = Release|Any CPU
		{BC606216-B739-4CE9-A07C-4C45F2A12569}.Debug|Any CPU.ActiveCfg = Debug|Any CPU
		{BC606216-B739-4CE9-A07C-4C45F2A12569}.Debug|Any CPU.Build.0 = Debug|Any CPU
		{BC606216-B739-4CE9-A07C-4C45F2A12569}.Release|Any CPU.ActiveCfg = Release|Any CPU
		{BC606216-B739-4CE9-A07C-4C45F2A12569}.Release|Any CPU.Build.0 = Release|Any CPU
	EndGlobalSection
	GlobalSection(SolutionProperties) = preSolution
		HideSolutionNode = FALSE
	EndGlobalSection
	GlobalSection(ExtensibilityGlobals) = postSolution
		SolutionGuid = {4CAE6CE5-5C8D-4443-BAC6-9D77A32EE2BA}
	EndGlobalSection
EndGlobal
